<?xml version="1.0" encoding="utf-8"?>
<Project ToolsVersion="4.0" xmlns="http://schemas.microsoft.com/developer/msbuild/2003">
  <ItemGroup>
    <Filter Include="Source Files">
      <UniqueIdentifier>{4FC737F1-C7A5-4376-A066-2A32D752A2FF}</UniqueIdentifier>
      <Extensions>cpp;c;cc;cxx;def;odl;idl;hpj;bat;asm;asmx</Extensions>
    </Filter>
    <Filter Include="Header Files">
      <UniqueIdentifier>{93995380-89BD-4b04-88EB-625FBE52EBFB}</UniqueIdentifier>
      <Extensions>h;hpp;hxx;hm;inl;inc;xsd</Extensions>
    </Filter>
    <Filter Include="Header Files\Interfaces">
      <UniqueIdentifier>{cfb09ed0-05a6-47e5-94a6-e49e99efd1db}</UniqueIdentifier>
    </Filter>
    <Filter Include="Header Files\Entities">
      <UniqueIdentifier>{75995819-fc5c-4d3e-a1b5-1d3d667bdeba}</UniqueIdentifier>
    </Filter>
    <Filter Include="Header Files\Functional Classes">
      <UniqueIdentifier>{9ad89830-b957-4410-b0c9-43db9ff4aab4}</UniqueIdentifier>
    </Filter>
    <Filter Include="Source Files\Entites">
      <UniqueIdentifier>{dfef242e-917d-4d7f-8301-700408c58337}</UniqueIdentifier>
    </Filter>
    <Filter Include="Source Files\Functional Classes">
      <UniqueIdentifier>{62c4e2e4-486b-4eaf-927d-8559d65fd769}</UniqueIdentifier>
    </Filter>
    <Filter Include="Header Files\Control Classes">
      <UniqueIdentifier>{4b92e6d9-6a2f-4d90-805a-7314aa3b6b2e}</UniqueIdentifier>
    </Filter>
    <Filter Include="Source Files\Control Classes">
      <UniqueIdentifier>{d37d5213-5936-43d6-a3ed-6524a9203d80}</UniqueIdentifier>
    </Filter>
    <Filter Include="Header Files\AI">
      <UniqueIdentifier>{3347403c-55e9-43e4-b5c0-1dbbbef6f23b}</UniqueIdentifier>
    </Filter>
    <Filter Include="Source Files\AI">
      <UniqueIdentifier>{93e35b50-d0c5-437c-93ba-4cf8ae01b52c}</UniqueIdentifier>
    </Filter>
    <Filter Include="Resource Files">
      <UniqueIdentifier>{67DA6AB6-F800-4c08-8B7A-83BB121AAD01}</UniqueIdentifier>
      <Extensions>rc;ico;cur;bmp;dlg;rc2;rct;bin;rgs;gif;jpg;jpeg;jpe;resx;tiff;tif;png;wav;mfcribbon-ms</Extensions>
    </Filter>
    <Filter Include="Source Files\Menus">
      <UniqueIdentifier>{b97e106e-cd6e-4ca3-994c-3deddf5f4be5}</UniqueIdentifier>
    </Filter>
    <Filter Include="Header Files\Menus">
      <UniqueIdentifier>{5b418b33-d539-4292-adff-995de6f7eb6a}</UniqueIdentifier>
    </Filter>
    <Filter Include="Header Files\File I/O">
      <UniqueIdentifier>{2cd3b3a3-2e5c-46fc-b9d8-acda1a90a914}</UniqueIdentifier>
    </Filter>
    <Filter Include="Source Files\File I/O">
      <UniqueIdentifier>{1b50ff4c-7afd-4a34-8e1f-07bc8bf0ec0e}</UniqueIdentifier>
    </Filter>
    <Filter Include="Header Files\File I/O\json">
      <UniqueIdentifier>{8bc15484-a689-404e-b64c-a253962183dd}</UniqueIdentifier>
    </Filter>
    <Filter Include="Source Files\File I/O\json">
      <UniqueIdentifier>{85e2b9c8-9fc6-4771-895b-ba87ea3d4fe6}</UniqueIdentifier>
    </Filter>
    <Filter Include="Source Files\Particles">
      <UniqueIdentifier>{7005165d-c71e-46c6-9c0b-21e663f8fbb4}</UniqueIdentifier>
    </Filter>
    <Filter Include="Header Files\Particles">
      <UniqueIdentifier>{c18f778b-06c5-4837-9bfb-d8d568dec5c3}</UniqueIdentifier>
    </Filter>
  </ItemGroup>
  <ItemGroup>
    <ClCompile Include="main.cpp">
      <Filter>Source Files</Filter>
    </ClCompile>
    <ClCompile Include="Character.cpp">
      <Filter>Source Files\Entites</Filter>
    </ClCompile>
    <ClCompile Include="Entity.cpp">
      <Filter>Source Files\Entites</Filter>
    </ClCompile>
    <ClCompile Include="Wall.cpp">
      <Filter>Source Files\Entites</Filter>
    </ClCompile>
    <ClCompile Include="Player.cpp">
      <Filter>Source Files\Entites</Filter>
    </ClCompile>
    <ClCompile Include="EntityManager.cpp">
      <Filter>Source Files\Control Classes</Filter>
    </ClCompile>
    <ClCompile Include="Enemy.cpp">
      <Filter>Source Files\Entites</Filter>
    </ClCompile>
    <ClCompile Include="PausableClock.cpp">
      <Filter>Source Files\Functional Classes</Filter>
    </ClCompile>
    <ClCompile Include="AnimationManager.cpp">
      <Filter>Source Files\Control Classes</Filter>
    </ClCompile>
    <ClCompile Include="Animation.cpp">
      <Filter>Source Files\Functional Classes</Filter>
    </ClCompile>
    <ClCompile Include="World.cpp">
      <Filter>Source Files\Control Classes</Filter>
    </ClCompile>
    <ClCompile Include="AnimatedEntity.cpp">
      <Filter>Source Files\Entites</Filter>
    </ClCompile>
    <ClCompile Include="CollisionManager.cpp">
      <Filter>Source Files\Control Classes</Filter>
    </ClCompile>
    <ClCompile Include="Inputhandler.cpp">
      <Filter>Source Files\Functional Classes</Filter>
    </ClCompile>
    <ClCompile Include="SimpleAI.cpp">
      <Filter>Source Files\AI</Filter>
    </ClCompile>
    <ClCompile Include="AdvancedAI.cpp">
      <Filter>Source Files\AI</Filter>
    </ClCompile>
    <ClCompile Include="MainMenu.cpp">
      <Filter>Source Files\Menus</Filter>
    </ClCompile>
    <ClCompile Include="Menu.cpp">
      <Filter>Source Files\Menus</Filter>
    </ClCompile>
    <ClCompile Include="SplashScreen.cpp">
      <Filter>Source Files\Menus</Filter>
    </ClCompile>
    <ClCompile Include="Game.cpp">
      <Filter>Source Files\Control Classes</Filter>
    </ClCompile>
    <ClCompile Include="AbilityManager.cpp">
      <Filter>Source Files\Control Classes</Filter>
    </ClCompile>
    <ClCompile Include="EnemySpawnManager.cpp">
      <Filter>Source Files\Control Classes</Filter>
    </ClCompile>
    <ClCompile Include="EntityBuilder.cpp">
      <Filter>Source Files\Control Classes</Filter>
    </ClCompile>
    <ClCompile Include="jsoncpp.cpp">
      <Filter>Source Files\File I/O\json</Filter>
    </ClCompile>
    <ClCompile Include="TextureManager.cpp">
      <Filter>Source Files\File I/O</Filter>
    </ClCompile>
    <ClCompile Include="SoundManager.cpp">
      <Filter>Source Files\File I/O</Filter>
    </ClCompile>
    <ClCompile Include="EnemyWave.cpp">
      <Filter>Source Files\Control Classes</Filter>
    </ClCompile>
    <ClCompile Include="EntityResourceManager.cpp">
      <Filter>Source Files\File I/O</Filter>
    </ClCompile>
    <ClCompile Include="DamagingEntity.cpp">
      <Filter>Source Files\Entites</Filter>
    </ClCompile>
    <ClCompile Include="FleeingAI.cpp">
      <Filter>Source Files\AI</Filter>
    </ClCompile>
    <ClCompile Include="SplitterAI.cpp">
      <Filter>Source Files\AI</Filter>
    </ClCompile>
    <ClCompile Include="SplitletsAI.cpp">
      <Filter>Source Files\AI</Filter>
    </ClCompile>
    <ClCompile Include="RammerAI.cpp">
      <Filter>Source Files\AI</Filter>
    </ClCompile>
    <ClCompile Include="Ability.cpp">
      <Filter>Source Files\Functional Classes</Filter>
    </ClCompile>
    <ClCompile Include="GravityAI.cpp">
      <Filter>Source Files\AI</Filter>
    </ClCompile>
    <ClCompile Include="DefensiveAI.cpp">
      <Filter>Source Files\AI</Filter>
    </ClCompile>
    <ClCompile Include="HUD.cpp">
      <Filter>Source Files\Functional Classes</Filter>
    </ClCompile>
    <ClCompile Include="FontManager.cpp">
      <Filter>Source Files\File I/O</Filter>
    </ClCompile>
    <ClCompile Include="Particle.cpp">
      <Filter>Source Files\Particles</Filter>
    </ClCompile>
    <ClCompile Include="ParticleEmitter.cpp">
      <Filter>Source Files\Particles</Filter>
    </ClCompile>
    <ClCompile Include="ParticleResourceManager.cpp">
      <Filter>Source Files\File I/O</Filter>
    </ClCompile>
    <ClCompile Include="ParticleEmitterManager.cpp">
      <Filter>Source Files\Particles</Filter>
    </ClCompile>
    <ClCompile Include="ParticleEmitterBuilder.cpp">
      <Filter>Source Files\Particles</Filter>
    </ClCompile>
    <ClCompile Include="CreditsMenu.cpp">
      <Filter>Source Files\Menus</Filter>
    </ClCompile>
    <ClCompile Include="SoundPlayer.cpp">
      <Filter>Source Files\Functional Classes</Filter>
    </ClCompile>
    <ClCompile Include="HighScores.cpp">
      <Filter>Source Files\Menus</Filter>
    </ClCompile>
  </ItemGroup>
  <ItemGroup>
    <ClInclude Include="IDrawable.h">
      <Filter>Header Files\Interfaces</Filter>
    </ClInclude>
    <ClInclude Include="IUpdatable.h">
      <Filter>Header Files\Interfaces</Filter>
    </ClInclude>
    <ClInclude Include="Character.h">
      <Filter>Header Files\Entities</Filter>
    </ClInclude>
    <ClInclude Include="Entity.h">
      <Filter>Header Files\Entities</Filter>
    </ClInclude>
    <ClInclude Include="Global.h">
      <Filter>Header Files\Functional Classes</Filter>
    </ClInclude>
    <ClInclude Include="InputHandler.h">
      <Filter>Header Files\Functional Classes</Filter>
    </ClInclude>
    <ClInclude Include="VectorFuncs.h">
      <Filter>Header Files\Functional Classes</Filter>
    </ClInclude>
    <ClInclude Include="Player.h">
      <Filter>Header Files\Entities</Filter>
    </ClInclude>
    <ClInclude Include="EntityManager.h">
      <Filter>Header Files\Control Classes</Filter>
    </ClInclude>
    <ClInclude Include="World.h">
      <Filter>Header Files\Control Classes</Filter>
    </ClInclude>
    <ClInclude Include="Enemy.h">
      <Filter>Header Files\Entities</Filter>
    </ClInclude>
    <ClInclude Include="Wall.h">
      <Filter>Header Files\Entities</Filter>
    </ClInclude>
    <ClInclude Include="AnimationManager.h">
      <Filter>Header Files\Control Classes</Filter>
    </ClInclude>
    <ClInclude Include="Animation.h">
      <Filter>Header Files\Functional Classes</Filter>
    </ClInclude>
    <ClInclude Include="Frame.h">
      <Filter>Header Files\Functional Classes</Filter>
    </ClInclude>
    <ClInclude Include="PausableClock.h">
      <Filter>Header Files\Functional Classes</Filter>
    </ClInclude>
    <ClInclude Include="AnimatedEntity.h">
      <Filter>Header Files\Entities</Filter>
    </ClInclude>
    <ClInclude Include="CollisionManager.h">
      <Filter>Header Files\Control Classes</Filter>
    </ClInclude>
    <ClInclude Include="AdvancedAI.h">
      <Filter>Header Files\AI</Filter>
    </ClInclude>
    <ClInclude Include="SimpleAI.h">
      <Filter>Header Files\AI</Filter>
    </ClInclude>
    <ClInclude Include="AI.h">
      <Filter>Header Files\AI</Filter>
    </ClInclude>
    <ClInclude Include="MainMenu.h">
      <Filter>Header Files\Menus</Filter>
    </ClInclude>
    <ClInclude Include="Menu.h">
      <Filter>Header Files\Menus</Filter>
    </ClInclude>
    <ClInclude Include="SplashScreen.h">
      <Filter>Header Files\Menus</Filter>
    </ClInclude>
    <ClInclude Include="Game.h">
      <Filter>Header Files\Control Classes</Filter>
    </ClInclude>
    <ClInclude Include="AbilityManager.h">
      <Filter>Header Files\Control Classes</Filter>
    </ClInclude>
    <ClInclude Include="EnemySpawnManager.h">
      <Filter>Header Files\Control Classes</Filter>
    </ClInclude>
    <ClInclude Include="EntityBuilder.h">
      <Filter>Header Files\Control Classes</Filter>
    </ClInclude>
    <ClInclude Include="EntityTypes.h">
      <Filter>Header Files\Functional Classes</Filter>
    </ClInclude>
    <ClInclude Include="json\json.h">
      <Filter>Header Files\File I/O\json</Filter>
    </ClInclude>
    <ClInclude Include="json\json-forwards.h">
      <Filter>Header Files\File I/O\json</Filter>
    </ClInclude>
    <ClInclude Include="GameResourceManager.h">
      <Filter>Header Files\File I/O</Filter>
    </ClInclude>
    <ClInclude Include="TextureManager.h">
      <Filter>Header Files\File I/O</Filter>
    </ClInclude>
    <ClInclude Include="SoundManager.h">
      <Filter>Header Files\File I/O</Filter>
    </ClInclude>
    <ClInclude Include="EntityResourceManager.h">
      <Filter>Header Files\File I/O</Filter>
    </ClInclude>
    <ClInclude Include="EnemyWave.h">
      <Filter>Header Files\Control Classes</Filter>
    </ClInclude>
    <ClInclude Include="DamagingEntity.h">
      <Filter>Header Files\Entities</Filter>
    </ClInclude>
    <ClInclude Include="SplitterAI.h">
      <Filter>Header Files\AI</Filter>
    </ClInclude>
    <ClInclude Include="FleeingAI.h">
      <Filter>Header Files\AI</Filter>
    </ClInclude>
    <ClInclude Include="SplitletsAI.h">
      <Filter>Header Files\AI</Filter>
    </ClInclude>
    <ClInclude Include="RammerAI.h">
      <Filter>Header Files\AI</Filter>
    </ClInclude>
    <ClInclude Include="Ability.h">
      <Filter>Header Files\Functional Classes</Filter>
    </ClInclude>
    <ClInclude Include="DefensiveAI.h">
      <Filter>Header Files\AI</Filter>
    </ClInclude>
    <ClInclude Include="GravityAI.h">
      <Filter>Header Files\AI</Filter>
    </ClInclude>
    <ClInclude Include="HUD.h">
      <Filter>Header Files\Functional Classes</Filter>
    </ClInclude>
    <ClInclude Include="FontManager.h">
      <Filter>Header Files\File I/O</Filter>
    </ClInclude>
    <ClInclude Include="Particle.h">
      <Filter>Header Files\Particles</Filter>
    </ClInclude>
    <ClInclude Include="ParticleEmitter.h">
      <Filter>Header Files\Particles</Filter>
    </ClInclude>
    <ClInclude Include="ParticleResourceManager.h">
      <Filter>Header Files\File I/O</Filter>
    </ClInclude>
    <ClInclude Include="ParticleEmitterBuilder.h">
      <Filter>Header Files\Particles</Filter>
    </ClInclude>
    <ClInclude Include="ParticleEmitterManager.h">
      <Filter>Header Files\Particles</Filter>
    </ClInclude>
    <ClInclude Include="CreditsMenu.h">
      <Filter>Header Files\Menus</Filter>
    </ClInclude>
    <ClInclude Include="SoundPlayer.h">
      <Filter>Header Files\Functional Classes</Filter>
    </ClInclude>
    <ClInclude Include="HighScores.h">
      <Filter>Header Files\Menus</Filter>
    </ClInclude>
  </ItemGroup>
</Project>